
Microsoft Visual Studio Solution File, Format Version 12.00
# Visual Studio Version 17
VisualStudioVersion = 17.9.34607.119
MinimumVisualStudioVersion = 10.0.40219.1
Project("{9A19103F-16F7-4668-BE54-9A1E7A4F7556}") = "api_music", "api_music\api_music.csproj", "{9837481C-DC7D-49AC-B756-C1731F5B96FF}"
EndProject
Project("{FAE04EC0-301F-11D3-BF4B-00C04F79EFBC}") = "MusicClient", "MusicClient\MusicClient.csproj", "{CBEF357D-BE3A-4C4C-BE4C-C4F1BB6AB1C9}"
EndProject
Global
	GlobalSection(SolutionConfigurationPlatforms) = preSolution
		Debug|Any CPU = Debug|Any CPU
		Release|Any CPU = Release|Any CPU
	EndGlobalSection
	GlobalSection(ProjectConfigurationPlatforms) = postSolution
		{9837481C-DC7D-49AC-B756-C1731F5B96FF}.Debug|Any CPU.ActiveCfg = Debug|Any CPU
		{9837481C-DC7D-49AC-B756-C1731F5B96FF}.Debug|Any CPU.Build.0 = Debug|Any CPU
		{9837481C-DC7D-49AC-B756-C1731F5B96FF}.Release|Any CPU.ActiveCfg = Release|Any CPU
		{9837481C-DC7D-49AC-B756-C1731F5B96FF}.Release|Any CPU.Build.0 = Release|Any CPU
		{CBEF357D-BE3A-4C4C-BE4C-C4F1BB6AB1C9}.Debug|Any CPU.ActiveCfg = Debug|Any CPU
		{CBEF357D-BE3A-4C4C-BE4C-C4F1BB6AB1C9}.Debug|Any CPU.Build.0 = Debug|Any CPU
		{CBEF357D-BE3A-4C4C-BE4C-C4F1BB6AB1C9}.Release|Any CPU.ActiveCfg = Release|Any CPU
		{CBEF357D-BE3A-4C4C-BE4C-C4F1BB6AB1C9}.Release|Any CPU.Build.0 = Release|Any CPU
	EndGlobalSection
	GlobalSection(SolutionProperties) = preSolution
		HideSolutionNode = FALSE
	EndGlobalSection
	GlobalSection(ExtensibilityGlobals) = postSolution
		SolutionGuid = {299FBEE2-28E6-4690-A1FB-8CD804D0179B}
	EndGlobalSection
EndGlobal
